// !$*UTF8*$!
{
	archiveVersion = 1;
	classes = {
	};
	objectVersion = 46;
	objects = {

/* Begin PBXBuildFile section */
		15360FE620DDB56C0086510D /* AppDelegate.swift in Sources */ = {isa = PBXBuildFile; fileRef = 15360FE520DDB56C0086510D /* AppDelegate.swift */; };
		15360FE820DDB56C0086510D /* ViewController.swift in Sources */ = {isa = PBXBuildFile; fileRef = 15360FE720DDB56C0086510D /* ViewController.swift */; };
		15360FEA20DDB56C0086510D /* Assets.xcassets in Resources */ = {isa = PBXBuildFile; fileRef = 15360FE920DDB56C0086510D /* Assets.xcassets */; };
		15360FED20DDB56C0086510D /* Main.storyboard in Resources */ = {isa = PBXBuildFile; fileRef = 15360FEB20DDB56C0086510D /* Main.storyboard */; };
/* End PBXBuildFile section */

/* Begin PBXFileReference section */
		15360FE220DDB56C0086510D /* TwitterGram.app */ = {isa = PBXFileReference; explicitFileType = wrapper.application; includeInIndex = 0; path = TwitterGram.app; sourceTree = BUILT_PRODUCTS_DIR; };
		15360FE520DDB56C0086510D /* AppDelegate.swift */ = {isa = PBXFileReference; lastKnownFileType = sourcecode.swift; path = AppDelegate.swift; sourceTree = "<group>"; };
		15360FE720DDB56C0086510D /* ViewController.swift */ = {isa = PBXFileReference; lastKnownFileType = sourcecode.swift; path = ViewController.swift; sourceTree = "<group>"; };
		15360FE920DDB56C0086510D /* Assets.xcassets */ = {isa = PBXFileReference; lastKnownFileType = folder.assetcatalog; path = Assets.xcassets; sourceTree = "<group>"; };
		15360FEC20DDB56C0086510D /* Base */ = {isa = PBXFileReference; lastKnownFileType = file.storyboard; name = Base; path = Base.lproj/Main.storyboard; sourceTree = "<group>"; };
		15360FEE20DDB56C0086510D /* Info.plist */ = {isa = PBXFileReference; lastKnownFileType = text.plist.xml; path = Info.plist; sourceTree = "<group>"; };
/* End PBXFileReference section */

/* Begin PBXFrameworksBuildPhase section */
		15360FDF20DDB56C0086510D /* Frameworks */ = {
			isa = PBXFrameworksBuildPhase;
			buildActionMask = 2147483647;
			files = (
			);
			runOnlyForDeploymentPostprocessing = 0;
		};
/* End PBXFrameworksBuildPhase section */

/* Begin PBXGroup section */
		15360FD920DDB56C0086510D = {
			isa = PBXGroup;
			children = (
				15360FE420DDB56C0086510D /* TwitterGram */,
				15360FE320DDB56C0086510D /* Products */,
			);
			sourceTree = "<group>";
		};
		15360FE320DDB56C0086510D /* Products */ = {
			isa = PBXGroup;
			children = (
				15360FE220DDB56C0086510D /* TwitterGram.app */,
			);
			name = Products;
			sourceTree = "<group>";
		};
		15360FE420DDB56C0086510D /* TwitterGram */ = {
			isa = PBXGroup;
			children = (
				15360FE520DDB56C0086510D /* AppDelegate.swift */,
				15360FE720DDB56C0086510D /* ViewController.swift */,
				15360FE920DDB56C0086510D /* Assets.xcassets */,
				15360FEB20DDB56C0086510D /* Main.storyboard */,
				15360FEE20DDB56C0086510D /* Info.plist */,
			);
			path = TwitterGram;
			sourceTree = "<group>";
		};
/* End PBXGroup section */

/* Begin PBXNativeTarget section */
		15360FE120DDB56C0086510D /* TwitterGram */ = {
			isa = PBXNativeTarget;
			buildConfigurationList = 15360FF120DDB56C0086510D /* Build configuration list for PBXNativeTarget "TwitterGram" */;
			buildPhases = (
				15360FDE20DDB56C0086510D /* Sources */,
				15360FDF20DDB56C0086510D /* Frameworks */,
				15360FE020DDB56C0086510D /* Resources */,
			);
			buildRules = (
			);
			dependencies = (
			);
			name = TwitterGram;
			productName = TwitterGram;
			productReference = 15360FE220DDB56C0086510D /* TwitterGram.app */;
			productType = "com.apple.product-type.application";
		};
/* End PBXNativeTarget section */

/* Begin PBXProject section */
		15360FDA20DDB56C0086510D /* Project object */ = {
			isa = PBXProject;
			attributes = {
				LastSwiftUpdateCheck = 0830;
				LastUpgradeCheck = 0830;
				ORGANIZATIONNAME = "Jason Wong";
				TargetAttributes = {
					15360FE120DDB56C0086510D = {
						CreatedOnToolsVersion = 8.3.3;
						DevelopmentTeam = CFF46R89P9;
						ProvisioningStyle = Automatic;
					};
				};
			};
			buildConfigurationList = 15360FDD20DDB56C0086510D /* Build configuration list for PBXProject "TwitterGram" */;
			compatibilityVersion = "Xcode 3.2";
			developmentRegion = English;
			hasScannedForEncodings = 0;
			knownRegions = (
				en,
				Base,
			);
			mainGroup = 15360FD920DDB56C0086510D;
			productRefGroup = 15360FE320DDB56C0086510D /* Products */;
			projectDirPath = "";
			projectRoot = "";
			targets = (
				15360FE120DDB56C0086510D /* TwitterGram */,
			);
		};
/* End PBXProject section */

/* Begin PBXResourcesBuildPhase section */
		15360FE020DDB56C0086510D /* Resources */ = {
			isa = PBXResourcesBuildPhase;
			buildActionMask = 2147483647;
			files = (
				15360FEA20DDB56C0086510D /* Assets.xcassets in Resources */,
				15360FED20DDB56C0086510D /* Main.storyboard in Resources */,
			);
			runOnlyForDeploymentPostprocessing = 0;
		};
/* End PBXResourcesBuildPhase section */

/* Begin PBXSourcesBuildPhase section */
		15360FDE20DDB56C0086510D /* Sources */ = {
			isa = PBXSourcesBuildPhase;
			buildActionMask = 2147483647;
			files = (
				15360FE820DDB56C0086510D /* ViewController.swift in Sources */,
				15360FE620DDB56C0086510D /* AppDelegate.swift in Sources */,
			);
			runOnlyForDeploymentPostprocessing = 0;
		};
/* End PBXSourcesBuildPhase section */

/* Begin PBXVariantGroup section */
		15360FEB20DDB56C0086510D /* Main.storyboard */ = {
			isa = PBXVariantGroup;
			children = (
				15360FEC20DDB56C0086510D /* Base */,
			);
			name = Main.storyboard;
			sourceTree = "<group>";
		};
/* End PBXVariantGroup section */

/* Begin XCBuildConfiguration section */
		15360FEF20DDB56C0086510D /* Debug */ = {
			isa = XCBuildConfiguration;
			buildSettings = {
				ALWAYS_SEARCH_USER_PATHS = NO;
				CLANG_ANALYZER_NONNULL = YES;
				CLANG_ANALYZER_NUMBER_OBJECT_CONVERSION = YES_AGGRESSIVE;
				CLANG_CXX_LANGUAGE_STANDARD = "gnu++0x";
				CLANG_CXX_LIBRARY = "libc++";
				CLANG_ENABLE_MODULES = YES;
				CLANG_ENABLE_OBJC_ARC = YES;
				CLANG_WARN_BOOL_CONVERSION = YES;
				CLANG_WARN_CONSTANT_CONVERSION = YES;
				CLANG_WARN_DIRECT_OBJC_ISA_USAGE = YES_ERROR;
				CLANG_WARN_DOCUMENTATION_COMMENTS = YES;
				CLANG_WARN_EMPTY_BODY = YES;
				CLANG_WARN_ENUM_CONVERSION = YES;
				CLANG_WARN_INFINITE_RECURSION = YES;
				CLANG_WARN_INT_CONVERSION = YES;
				CLANG_WARN_OBJC_ROOT_CLASS = YES_ERROR;
				CLANG_WARN_SUSPICIOUS_MOVE = YES;
				CLANG_WARN_UNREACHABLE_CODE = YES;
				CLANG_WARN__DUPLICATE_METHOD_MATCH = YES;
				CODE_SIGN_IDENTITY = "-";
				COPY_PHASE_STRIP = NO;
				DEBUG_INFORMATION_FORMAT = dwarf;
				ENABLE_STRICT_OBJC_MSGSEND = YES;
				ENABLE_TESTABILITY = YES;
				GCC_C_LANGUAGE_STANDARD = gnu99;
				GCC_DYNAMIC_NO_PIC = NO;
				GCC_NO_COMMON_BLOCKS = YES;
				GCC_OPTIMIZATION_LEVEL = 0;
				GCC_PREPROCESSOR_DEFINITIONS = (
					"DEBUG=1",
					"$(inherited)",
				);
				GCC_WARN_64_TO_32_BIT_CONVERSION = YES;
				GCC_WARN_ABOUT_RETURN_TYPE = YES_ERROR;
				GCC_WARN_UNDECLARED_SELECTOR = YES;
				GCC_WARN_UNINITIALIZED_AUTOS = YES_AGGRESSIVE;
				GCC_WARN_UNUSED_FUNCTION = YES;
				GCC_WARN_UNUSED_VARIABLE = YES;
				MACOSX_DEPLOYMENT_TARGET = 10.13;
				MTL_ENABLE_DEBUG_INFO = YES;
				ONLY_ACTIVE_ARCH = YES;
				SDKROOT = macosx;
				SWIFT_ACTIVE_COMPILATION_CONDITIONS = DEBUG;
				SWIFT_OPTIMIZATION_LEVEL = "-Onone";
			};
			name = Debug;
		};
		15360FF020DDB56C0086510D /* Release */ = {
			isa = XCBuildConfiguration;
			buildSettings = {
				ALWAYS_SEARCH_USER_PATHS = NO;
				CLANG_ANALYZER_NONNULL = YES;
				CLANG_ANALYZER_NUMBER_OBJECT_CONVERSION = YES_AGGRESSIVE;
				CLANG_CXX_LANGUAGE_STANDARD = "gnu++0x";
				CLANG_CXX_LIBRARY = "libc++";
				CLANG_ENABLE_MODULES = YES;
				CLANG_ENABLE_OBJC_ARC = YES;
				CLANG_WARN_BOOL_CONVERSION = YES;
				CLANG_WARN_CONSTANT_CONVERSION = YES;
				CLANG_WARN_DIRECT_OBJC_ISA_USAGE = YES_ERROR;
				CLANG_WARN_DOCUMENTATION_COMMENTS = YES;
				CLANG_WARN_EMPTY_BODY = YES;
				CLANG_WARN_ENUM_CONVERSION = YES;
				CLANG_WARN_INFINITE_RECURSION = YES;
				CLANG_WARN_INT_CONVERSION = YES;
				CLANG_WARN_OBJC_ROOT_CLASS = YES_ERROR;
				CLANG_WARN_SUSPICIOUS_MOVE = YES;
				CLANG_WARN_UNREACHABLE_CODE = YES;
				CLANG_WARN__DUPLICATE_METHOD_MATCH = YES;
				CODE_SIGN_IDENTITY = "-";
				COPY_PHASE_STRIP = NO;
				DEBUG_INFORMATION_FORMAT = "dwarf-with-dsym";
				ENABLE_NS_ASSERTIONS = NO;
				ENABLE_STRICT_OBJC_MSGSEND = YES;
				GCC_C_LANGUAGE_STANDARD = gnu99;
				GCC_NO_COMMON_BLOCKS = YES;
				GCC_WARN_64_TO_32_BIT_CONVERSION = YES;
				GCC_WARN_ABOUT_RETURN_TYPE = YES_ERROR;
				GCC_WARN_UNDECLARED_SELECTOR = YES;
				GCC_WARN_UNINITIALIZED_AUTOS = YES_AGGRESSIVE;
				GCC_WARN_UNUSED_FUNCTION = YES;
				GCC_WARN_UNUSED_VARIABLE = YES;
				MACOSX_DEPLOYMENT_TARGET = 10.13;
				MTL_ENABLE_DEBUG_INFO = NO;
				SDKROOT = macosx;
				SWIFT_OPTIMIZATION_LEVEL = "-Owholemodule";
			};
			name = Release;
		};
		15360FF220DDB56C0086510D /* Debug */ = {
			isa = XCBuildConfiguration;
			buildSettings = {
				ASSETCATALOG_COMPILER_APPICON_NAME = AppIcon;
				COMBINE_HIDPI_IMAGES = YES;
				DEVELOPMENT_TEAM = CFF46R89P9;
				INFOPLIST_FILE = TwitterGram/Info.plist;
				LD_RUNPATH_SEARCH_PATHS = "$(inherited) @executable_path/../Frameworks";
				PRODUCT_BUNDLE_IDENTIFIER = com.xmatters.evo.TwitterGram;
				PRODUCT_NAME = "$(TARGET_NAME)";
				SWIFT_VERSION = 3.0;
			};
			name = Debug;
		};
		15360FF320DDB56C0086510D /* Release */ = {
			isa = XCBuildConfiguration;
			buildSettings = {
				ASSETCATALOG_COMPILER_APPICON_NAME = AppIcon;
				COMBINE_HIDPI_IMAGES = YES;
				DEVELOPMENT_TEAM = CFF46R89P9;
				INFOPLIST_FILE = TwitterGram/Info.plist;
				LD_RUNPATH_SEARCH_PATHS = "$(inherited) @executable_path/../Frameworks";
				PRODUCT_BUNDLE_IDENTIFIER = com.xmatters.evo.TwitterGram;
				PRODUCT_NAME = "$(TARGET_NAME)";
				SWIFT_VERSION = 3.0;
			};
			name = Release;
		};
/* End XCBuildConfiguration section */

/* Begin XCConfigurationList section */
		15360FDD20DDB56C0086510D /* Build configuration list for PBXProject "TwitterGram" */ = {
			isa = XCConfigurationList;
			buildConfigurations = (
				15360FEF20DDB56C0086510D /* Debug */,
				15360FF020DDB56C0086510D /* Release */,
			);
			defaultConfigurationIsVisible = 0;
			defaultConfigurationName = Release;
		};
		15360FF120DDB56C0086510D /* Build configuration list for PBXNativeTarget "TwitterGram" */ = {
			isa = XCConfigurationList;
			buildConfigurations = (
				15360FF220DDB56C0086510D /* Debug */,
				15360FF320DDB56C0086510D /* Release */,
			);
			defaultConfigurationIsVisible = 0;
		};
/* End XCConfigurationList section */
	};
	rootObject = 15360FDA20DDB56C0086510D /* Project object */;
}
